Microsoft Visual Studio Solution File, Format Version 12.00
# Visual Studio Version 17
VisualStudioVersion = 17.1.32407.343
MinimumVisualStudioVersion = 10.0.40219.1
Project("{9A19103F-16F7-4668-BE54-9A1E7A4F7556}") = "Updater", "Updater\Updater.csproj", "{7B7295C2-8427-418A-A36C-9CFF345342E1}"
	ProjectSection(ProjectDependencies) = postProject
		{18079D80-C889-42FF-9C63-C4B2DAC72105} = {18079D80-C889-42FF-9C63-C4B2DAC72105}
	EndProjectSection
EndProject
Project("{9A19103F-16F7-4668-BE54-9A1E7A4F7556}") = "ArnoldVinkCode", "..\ArnoldVinkCode\Desktop\ArnoldVinkCode.csproj", "{18079D80-C889-42FF-9C63-C4B2DAC72105}"
EndProject
Global
	GlobalSection(SolutionConfigurationPlatforms) = preSolution
		Debug|Any CPU = Debug|Any CPU
		Release|Any CPU = Release|Any CPU
	EndGlobalSection
	GlobalSection(ProjectConfigurationPlatforms) = postSolution
		{7B7295C2-8427-418A-A36C-9CFF345342E1}.Debug|Any CPU.ActiveCfg = Debug|Any CPU
		{7B7295C2-8427-418A-A36C-9CFF345342E1}.Debug|Any CPU.Build.0 = Debug|Any CPU
		{7B7295C2-8427-418A-A36C-9CFF345342E1}.Release|Any CPU.ActiveCfg = Release|Any CPU
		{7B7295C2-8427-418A-A36C-9CFF345342E1}.Release|Any CPU.Build.0 = Release|Any CPU
		{18079D80-C889-42FF-9C63-C4B2DAC72105}.Debug|Any CPU.ActiveCfg = Debug|Any CPU
		{18079D80-C889-42FF-9C63-C4B2DAC72105}.Debug|Any CPU.Build.0 = Debug|Any CPU
		{18079D80-C889-42FF-9C63-C4B2DAC72105}.Release|Any CPU.ActiveCfg = Release|Any CPU
		{18079D80-C889-42FF-9C63-C4B2DAC72105}.Release|Any CPU.Build.0 = Release|Any CPU
	EndGlobalSection
	GlobalSection(SolutionProperties) = preSolution
		HideSolutionNode = FALSE
	EndGlobalSection
	GlobalSection(ExtensibilityGlobals) = postSolution
		SolutionGuid = {18E921F9-24DC-4D38-8594-B22FF6238A8E}
	EndGlobalSection
EndGlobal
